
Microsoft Visual Studio Solution File, Format Version 12.00
# Visual Studio Version 16
VisualStudioVersion = 16.0.31321.278
MinimumVisualStudioVersion = 10.0.40219.1
Project("{FAE04EC0-301F-11D3-BF4B-00C04F79EFBC}") = "CognitoSampleApp", "CognitoSampleApp\CognitoSampleApp.csproj", "{B4FFD696-EC1E-4AF7-AB17-341932F4F80E}"
EndProject
Global
	GlobalSection(SolutionConfigurationPlatforms) = preSolution
		Debug|Any CPU = Debug|Any CPU
		Release|Any CPU = Release|Any CPU
	EndGlobalSection
	GlobalSection(ProjectConfigurationPlatforms) = postSolution
		{B4FFD696-EC1E-4AF7-AB17-341932F4F80E}.Debug|Any CPU.ActiveCfg = Debug|Any CPU
		{B4FFD696-EC1E-4AF7-AB17-341932F4F80E}.Debug|Any CPU.Build.0 = Debug|Any CPU
		{B4FFD696-EC1E-4AF7-AB17-341932F4F80E}.Release|Any CPU.ActiveCfg = Release|Any CPU
		{B4FFD696-EC1E-4AF7-AB17-341932F4F80E}.Release|Any CPU.Build.0 = Release|Any CPU
	EndGlobalSection
	GlobalSection(SolutionProperties) = preSolution
		HideSolutionNode = FALSE
	EndGlobalSection
	GlobalSection(ExtensibilityGlobals) = postSolution
		SolutionGuid = {8426D0EA-C4F4-4D9A-AD46-6EAB1A0D276C}
	EndGlobalSection
EndGlobal
